
Microsoft Visual Studio Solution File, Format Version 11.00
# Visual C# Express 2010
Project("{FAE04EC0-301F-11D3-BF4B-00C04F79EFBC}") = "Laba4Primer4", "Laba4Primer4\Laba4Primer4.csproj", "{DED74C72-B6AC-4CB0-85CE-8631EF180E57}"
EndProject
Global
	GlobalSection(SolutionConfigurationPlatforms) = preSolution
		Debug|x86 = Debug|x86
		Release|x86 = Release|x86
	EndGlobalSection
	GlobalSection(ProjectConfigurationPlatforms) = postSolution
		{DED74C72-B6AC-4CB0-85CE-8631EF180E57}.Debug|x86.ActiveCfg = Debug|x86
		{DED74C72-B6AC-4CB0-85CE-8631EF180E57}.Debug|x86.Build.0 = Debug|x86
		{DED74C72-B6AC-4CB0-85CE-8631EF180E57}.Release|x86.ActiveCfg = Release|x86
		{DED74C72-B6AC-4CB0-85CE-8631EF180E57}.Release|x86.Build.0 = Release|x86
	EndGlobalSection
	GlobalSection(SolutionProperties) = preSolution
		HideSolutionNode = FALSE
	EndGlobalSection
EndGlobal
