
Microsoft Visual Studio Solution File, Format Version 11.00
# Visual C# Express 2010
Project("{FAE04EC0-301F-11D3-BF4B-00C04F79EFBC}") = "SkidkaPokupka2laba", "SkidkaPokupka2laba\SkidkaPokupka2laba.csproj", "{CF2FA7BB-AD96-41BC-B8A8-D066AEFC30DE}"
EndProject
Global
	GlobalSection(SolutionConfigurationPlatforms) = preSolution
		Debug|x86 = Debug|x86
		Release|x86 = Release|x86
	EndGlobalSection
	GlobalSection(ProjectConfigurationPlatforms) = postSolution
		{CF2FA7BB-AD96-41BC-B8A8-D066AEFC30DE}.Debug|x86.ActiveCfg = Debug|x86
		{CF2FA7BB-AD96-41BC-B8A8-D066AEFC30DE}.Debug|x86.Build.0 = Debug|x86
		{CF2FA7BB-AD96-41BC-B8A8-D066AEFC30DE}.Release|x86.ActiveCfg = Release|x86
		{CF2FA7BB-AD96-41BC-B8A8-D066AEFC30DE}.Release|x86.Build.0 = Release|x86
	EndGlobalSection
	GlobalSection(SolutionProperties) = preSolution
		HideSolutionNode = FALSE
	EndGlobalSection
EndGlobal
